
Microsoft Visual Studio Solution File, Format Version 12.00
# Visual Studio Version 17
VisualStudioVersion = 17.5.33530.505
MinimumVisualStudioVersion = 10.0.40219.1
Project("{FAE04EC0-301F-11D3-BF4B-00C04F79EFBC}") = "FizzBuzz", "FizzBuzz.csproj", "{883AA6FC-53E0-46B4-A6F5-C31A89433376}"
EndProject
Global
	GlobalSection(SolutionConfigurationPlatforms) = preSolution
		Debug|Any CPU = Debug|Any CPU
		Release|Any CPU = Release|Any CPU
	EndGlobalSection
	GlobalSection(ProjectConfigurationPlatforms) = postSolution
		{883AA6FC-53E0-46B4-A6F5-C31A89433376}.Debug|Any CPU.ActiveCfg = Debug|Any CPU
		{883AA6FC-53E0-46B4-A6F5-C31A89433376}.Debug|Any CPU.Build.0 = Debug|Any CPU
		{883AA6FC-53E0-46B4-A6F5-C31A89433376}.Release|Any CPU.ActiveCfg = Release|Any CPU
		{883AA6FC-53E0-46B4-A6F5-C31A89433376}.Release|Any CPU.Build.0 = Release|Any CPU
	EndGlobalSection
	GlobalSection(SolutionProperties) = preSolution
		HideSolutionNode = FALSE
	EndGlobalSection
	GlobalSection(ExtensibilityGlobals) = postSolution
		SolutionGuid = {73E709A9-C8F6-45A3-8EF6-2FEE1648EAEF}
	EndGlobalSection
EndGlobal
